{
  "name": "svg-path",
  "version": "1.0.0",
  "lockfileVersion": 1,
  "requires": true,
  "dependencies": {
    "sax": {
      "version": "1.2.4",
      "resolved": "https://registry.npmjs.org/sax/-/sax-1.2.4.tgz",
      "integrity": "sha512-NqVDv9TpANUjFm0N8uM5GxL36UgKi9/atZw+x7YFnQ8ckwFGKrl4xX4yWtrey3UJm5nP1kUbnYgLopqWNSRhWw=="
    },
    "svg-path-interpolator": {
      "version": "0.2.5",
      "resolved": "https://registry.npmjs.org/svg-path-interpolator/-/svg-path-interpolator-0.2.5.tgz",
      "integrity": "sha512-RrrsqHURgcEWkvRReL/txxvmxKuKaN3ZN0OriAN6vXgtu3SGzXWNg/BVUTiluxXXcBbz+B0OXvrc8ZrkdqYVtA==",
      "requires": {
        "sax": "^1.2.4"
      }
    }
  }
}
